
Microsoft Visual Studio Solution File, Format Version 12.00
# Visual Studio 15
VisualStudioVersion = 15.0.28010.2041
MinimumVisualStudioVersion = 10.0.40219.1
Project("{9092AA53-FB77-4645-B42D-1CCCA6BD08BD}") = "Coffee_DEMO(N)", "Coffee_DEMO(N).njsproj", "{0CC0E15E-32E4-4FFA-9F7A-39CA43282D2A}"
EndProject
Global
	GlobalSection(SolutionConfigurationPlatforms) = preSolution
		Debug|Any CPU = Debug|Any CPU
		Release|Any CPU = Release|Any CPU
	EndGlobalSection
	GlobalSection(ProjectConfigurationPlatforms) = postSolution
		{0CC0E15E-32E4-4FFA-9F7A-39CA43282D2A}.Debug|Any CPU.ActiveCfg = Debug|Any CPU
		{0CC0E15E-32E4-4FFA-9F7A-39CA43282D2A}.Debug|Any CPU.Build.0 = Debug|Any CPU
		{0CC0E15E-32E4-4FFA-9F7A-39CA43282D2A}.Release|Any CPU.ActiveCfg = Release|Any CPU
		{0CC0E15E-32E4-4FFA-9F7A-39CA43282D2A}.Release|Any CPU.Build.0 = Release|Any CPU
	EndGlobalSection
	GlobalSection(SolutionProperties) = preSolution
		HideSolutionNode = FALSE
	EndGlobalSection
	GlobalSection(ExtensibilityGlobals) = postSolution
		SolutionGuid = {7224B174-28D6-4A77-9B03-0D14F7CC37B6}
	EndGlobalSection
EndGlobal
